
Microsoft Visual Studio Solution File, Format Version 12.00
# Visual Studio Version 17
VisualStudioVersion = 17.9.34728.123
MinimumVisualStudioVersion = 10.0.40219.1
Project("{FAE04EC0-301F-11D3-BF4B-00C04F79EFBC}") = "28_07_24_Work2", "28_07_24_Work2.csproj", "{C13B0217-DF73-499C-B229-E1331F9C47FD}"
EndProject
Global
	GlobalSection(SolutionConfigurationPlatforms) = preSolution
		Debug|Any CPU = Debug|Any CPU
		Release|Any CPU = Release|Any CPU
	EndGlobalSection
	GlobalSection(ProjectConfigurationPlatforms) = postSolution
		{C13B0217-DF73-499C-B229-E1331F9C47FD}.Debug|Any CPU.ActiveCfg = Debug|Any CPU
		{C13B0217-DF73-499C-B229-E1331F9C47FD}.Debug|Any CPU.Build.0 = Debug|Any CPU
		{C13B0217-DF73-499C-B229-E1331F9C47FD}.Release|Any CPU.ActiveCfg = Release|Any CPU
		{C13B0217-DF73-499C-B229-E1331F9C47FD}.Release|Any CPU.Build.0 = Release|Any CPU
	EndGlobalSection
	GlobalSection(SolutionProperties) = preSolution
		HideSolutionNode = FALSE
	EndGlobalSection
	GlobalSection(ExtensibilityGlobals) = postSolution
		SolutionGuid = {6257D56C-ECBE-4A2C-B1AB-62FC8150AAD3}
	EndGlobalSection
EndGlobal
