
Microsoft Visual Studio Solution File, Format Version 12.00
# Visual Studio Version 17
VisualStudioVersion = 17.9.34728.123
MinimumVisualStudioVersion = 10.0.40219.1
Project("{FAE04EC0-301F-11D3-BF4B-00C04F79EFBC}") = "29_07_24Work4", "29_07_24Work4.csproj", "{280FDE71-705F-4DB5-8FB5-D96660080A72}"
EndProject
Global
	GlobalSection(SolutionConfigurationPlatforms) = preSolution
		Debug|Any CPU = Debug|Any CPU
		Release|Any CPU = Release|Any CPU
	EndGlobalSection
	GlobalSection(ProjectConfigurationPlatforms) = postSolution
		{280FDE71-705F-4DB5-8FB5-D96660080A72}.Debug|Any CPU.ActiveCfg = Debug|Any CPU
		{280FDE71-705F-4DB5-8FB5-D96660080A72}.Debug|Any CPU.Build.0 = Debug|Any CPU
		{280FDE71-705F-4DB5-8FB5-D96660080A72}.Release|Any CPU.ActiveCfg = Release|Any CPU
		{280FDE71-705F-4DB5-8FB5-D96660080A72}.Release|Any CPU.Build.0 = Release|Any CPU
	EndGlobalSection
	GlobalSection(SolutionProperties) = preSolution
		HideSolutionNode = FALSE
	EndGlobalSection
	GlobalSection(ExtensibilityGlobals) = postSolution
		SolutionGuid = {17C80667-FDDB-4766-AA5D-F7B9B7890D8C}
	EndGlobalSection
EndGlobal
